
Microsoft Visual Studio Solution File, Format Version 12.00
# Visual Studio Version 17
VisualStudioVersion = 17.8.34525.116
MinimumVisualStudioVersion = 10.0.40219.1
Project("{2150E333-8FDC-42A3-9474-1A3956D46DE8}") = "src", "src", "{A526AA21-6834-4D4B-8683-5C9FE856DE79}"
EndProject
Project("{FAE04EC0-301F-11D3-BF4B-00C04F79EFBC}") = "Pix", "src\Pix\Pix.csproj", "{3FB791A6-7ABB-461D-BF25-3AFF4EA29819}"
EndProject
Global
	GlobalSection(SolutionConfigurationPlatforms) = preSolution
		Debug|Any CPU = Debug|Any CPU
		Release|Any CPU = Release|Any CPU
	EndGlobalSection
	GlobalSection(ProjectConfigurationPlatforms) = postSolution
		{3FB791A6-7ABB-461D-BF25-3AFF4EA29819}.Debug|Any CPU.ActiveCfg = Debug|Any CPU
		{3FB791A6-7ABB-461D-BF25-3AFF4EA29819}.Debug|Any CPU.Build.0 = Debug|Any CPU
		{3FB791A6-7ABB-461D-BF25-3AFF4EA29819}.Release|Any CPU.ActiveCfg = Release|Any CPU
		{3FB791A6-7ABB-461D-BF25-3AFF4EA29819}.Release|Any CPU.Build.0 = Release|Any CPU
	EndGlobalSection
	GlobalSection(SolutionProperties) = preSolution
		HideSolutionNode = FALSE
	EndGlobalSection
	GlobalSection(NestedProjects) = preSolution
		{3FB791A6-7ABB-461D-BF25-3AFF4EA29819} = {A526AA21-6834-4D4B-8683-5C9FE856DE79}
	EndGlobalSection
	GlobalSection(ExtensibilityGlobals) = postSolution
		SolutionGuid = {1EE83DD8-587D-4A09-9C05-F65CDCA7829C}
	EndGlobalSection
EndGlobal
